
Microsoft Visual Studio Solution File, Format Version 12.00
# Visual Studio Version 16
VisualStudioVersion = 16.0.29709.97
MinimumVisualStudioVersion = 10.0.40219.1
Project("{9A19103F-16F7-4668-BE54-9A1E7A4F7556}") = "test", "test\test.csproj", "{42072206-8FC6-46D9-A955-B4E6E8501F52}"
EndProject
Project("{9A19103F-16F7-4668-BE54-9A1E7A4F7556}") = "WebApp", "src\WebApp.csproj", "{2B4AFAF0-990E-437A-81C1-CF8FA0E4E107}"
EndProject
Project("{E53339B2-1760-4266-BCC7-CA923CBCF16C}") = "docker-compose", "docker-compose.dcproj", "{540C0D65-2AB9-4C6D-8E9C-ABB72CD3B391}"
EndProject
Global
	GlobalSection(SolutionConfigurationPlatforms) = preSolution
		Debug|Any CPU = Debug|Any CPU
		Release|Any CPU = Release|Any CPU
	EndGlobalSection
	GlobalSection(ProjectConfigurationPlatforms) = postSolution
		{42072206-8FC6-46D9-A955-B4E6E8501F52}.Debug|Any CPU.ActiveCfg = Debug|Any CPU
		{42072206-8FC6-46D9-A955-B4E6E8501F52}.Debug|Any CPU.Build.0 = Debug|Any CPU
		{42072206-8FC6-46D9-A955-B4E6E8501F52}.Release|Any CPU.ActiveCfg = Release|Any CPU
		{42072206-8FC6-46D9-A955-B4E6E8501F52}.Release|Any CPU.Build.0 = Release|Any CPU
		{2B4AFAF0-990E-437A-81C1-CF8FA0E4E107}.Debug|Any CPU.ActiveCfg = Debug|Any CPU
		{2B4AFAF0-990E-437A-81C1-CF8FA0E4E107}.Debug|Any CPU.Build.0 = Debug|Any CPU
		{2B4AFAF0-990E-437A-81C1-CF8FA0E4E107}.Release|Any CPU.ActiveCfg = Release|Any CPU
		{2B4AFAF0-990E-437A-81C1-CF8FA0E4E107}.Release|Any CPU.Build.0 = Release|Any CPU
		{540C0D65-2AB9-4C6D-8E9C-ABB72CD3B391}.Debug|Any CPU.ActiveCfg = Debug|Any CPU
		{540C0D65-2AB9-4C6D-8E9C-ABB72CD3B391}.Debug|Any CPU.Build.0 = Debug|Any CPU
		{540C0D65-2AB9-4C6D-8E9C-ABB72CD3B391}.Release|Any CPU.ActiveCfg = Release|Any CPU
		{540C0D65-2AB9-4C6D-8E9C-ABB72CD3B391}.Release|Any CPU.Build.0 = Release|Any CPU
	EndGlobalSection
	GlobalSection(SolutionProperties) = preSolution
		HideSolutionNode = FALSE
	EndGlobalSection
	GlobalSection(ExtensibilityGlobals) = postSolution
		SolutionGuid = {48D5067E-0CB0-435C-85B1-8654DB0D1054}
	EndGlobalSection
EndGlobal
